
Microsoft Visual Studio Solution File, Format Version 12.00
# Visual Studio 15
Project("{FAE04EC0-301F-11D3-BF4B-00C04F79EFBC}") = "Assembly-CSharp", "Assembly-CSharp.csproj", "{0EB3AD74-A023-974B-333B-44FA75662464}"
EndProject
Project("{FAE04EC0-301F-11D3-BF4B-00C04F79EFBC}") = "Assembly-CSharp-Editor", "Assembly-CSharp-Editor.csproj", "{20F49C91-F015-40A0-6703-4FAD1ACD56A2}"
EndProject
Global
	GlobalSection(SolutionConfigurationPlatforms) = preSolution
		Debug|Any CPU = Debug|Any CPU
		Release|Any CPU = Release|Any CPU
	EndGlobalSection
	GlobalSection(ProjectConfigurationPlatforms) = postSolution
		{0EB3AD74-A023-974B-333B-44FA75662464}.Debug|Any CPU.ActiveCfg = Debug|Any CPU
		{0EB3AD74-A023-974B-333B-44FA75662464}.Debug|Any CPU.Build.0 = Debug|Any CPU
		{0EB3AD74-A023-974B-333B-44FA75662464}.Release|Any CPU.ActiveCfg = Release|Any CPU
		{0EB3AD74-A023-974B-333B-44FA75662464}.Release|Any CPU.Build.0 = Release|Any CPU
		{20F49C91-F015-40A0-6703-4FAD1ACD56A2}.Debug|Any CPU.ActiveCfg = Debug|Any CPU
		{20F49C91-F015-40A0-6703-4FAD1ACD56A2}.Debug|Any CPU.Build.0 = Debug|Any CPU
		{20F49C91-F015-40A0-6703-4FAD1ACD56A2}.Release|Any CPU.ActiveCfg = Release|Any CPU
		{20F49C91-F015-40A0-6703-4FAD1ACD56A2}.Release|Any CPU.Build.0 = Release|Any CPU
	EndGlobalSection
	GlobalSection(SolutionProperties) = preSolution
		HideSolutionNode = FALSE
	EndGlobalSection
EndGlobal
